lockfileVersion: '9.0'

settings:
  autoInstallPeers: true
  excludeLinksFromLockfile: false

importers:

  .:
    dependencies:
      '@ant-design/icons-vue':
        specifier: ^7.0.1
        version: 7.0.1(vue@3.5.27)

packages:

  '@ant-design/colors@6.0.0':
    resolution: {integrity: sha512-qAZRvPzfdWHtfameEGP2Qvuf838NhergR35o+EuVyB5XvSA98xod5r4utvi4TJ3ywmevm290g9nsCG5MryrdWQ==}

  '@ant-design/icons-svg@4.4.2':
    resolution: {integrity: sha512-vHbT+zJEVzllwP+CM+ul7reTEfBR0vgxFe7+lREAsAA7YGsYpboiq2sQNeQeRvh09GfQgs/GyFEvZpJ9cLXpXA==}

  '@ant-design/icons-vue@7.0.1':
    resolution: {integrity: sha512-eCqY2unfZK6Fe02AwFlDHLfoyEFreP6rBwAZMIJ1LugmfMiVgwWDYlp1YsRugaPtICYOabV1iWxXdP12u9U43Q==}
    peerDependencies:
      vue: '>=3.0.3'

  '@babel/helper-string-parser@7.27.1':
    resolution: {integrity: sha512-qMlSxKbpRlAridDExk92nSobyDdpPijUq2DW6oDnUqd0iOGxmQjyqhMIihI9+zv4LPyZdRje2cavWPbCbWm3eA==}
    engines: {node: '>=6.9.0'}

  '@babel/helper-validator-identifier@7.28.5':
    resolution: {integrity: sha512-qSs4ifwzKJSV39ucNjsvc6WVHs6b7S03sOh2OcHF9UHfVPqWWALUsNUVzhSBiItjRZoLHx7nIarVjqKVusUZ1Q==}
    engines: {node: '>=6.9.0'}

  '@babel/parser@7.29.0':
    resolution: {integrity: sha512-IyDgFV5GeDUVX4YdF/3CPULtVGSXXMLh1xVIgdCgxApktqnQV0r7/8Nqthg+8YLGaAtdyIlo2qIdZrbCv4+7ww==}
    engines: {node: '>=6.0.0'}
    hasBin: true

  '@babel/types@7.29.0':
    resolution: {integrity: sha512-LwdZHpScM4Qz8Xw2iKSzS+cfglZzJGvofQICy7W7v4caru4EaAmyUuO6BGrbyQ2mYV11W0U8j5mBhd14dd3B0A==}
    engines: {node: '>=6.9.0'}

  '@ctrl/tinycolor@3.6.1':
    resolution: {integrity: sha512-SITSV6aIXsuVNV3f3O0f2n/cgyEDWoSqtZMYiAmcsYHydcKrOz3gUxB/iXd/Qf08+IZX4KpgNbvUdMBmWz+kcA==}
    engines: {node: '>=10'}

  '@jridgewell/sourcemap-codec@1.5.5':
    resolution: {integrity: sha512-cYQ9310grqxueWbl+WuIUIaiUaDcj7WOq5fVhEljNVgRfOUhY9fy2zTvfoqWsnebh8Sl70VScFbICvJnLKB0Og==}

  '@vue/compiler-core@3.5.27':
    resolution: {integrity: sha512-gnSBQjZA+//qDZen+6a2EdHqJ68Z7uybrMf3SPjEGgG4dicklwDVmMC1AeIHxtLVPT7sn6sH1KOO+tS6gwOUeQ==}

  '@vue/compiler-dom@3.5.27':
    resolution: {integrity: sha512-oAFea8dZgCtVVVTEC7fv3T5CbZW9BxpFzGGxC79xakTr6ooeEqmRuvQydIiDAkglZEAd09LgVf1RoDnL54fu5w==}

  '@vue/compiler-sfc@3.5.27':
    resolution: {integrity: sha512-sHZu9QyDPeDmN/MRoshhggVOWE5WlGFStKFwu8G52swATgSny27hJRWteKDSUUzUH+wp+bmeNbhJnEAel/auUQ==}

  '@vue/compiler-ssr@3.5.27':
    resolution: {integrity: sha512-Sj7h+JHt512fV1cTxKlYhg7qxBvack+BGncSpH+8vnN+KN95iPIcqB5rsbblX40XorP+ilO7VIKlkuu3Xq2vjw==}

  '@vue/reactivity@3.5.27':
    resolution: {integrity: sha512-vvorxn2KXfJ0nBEnj4GYshSgsyMNFnIQah/wczXlsNXt+ijhugmW+PpJ2cNPe4V6jpnBcs0MhCODKllWG+nvoQ==}

  '@vue/runtime-core@3.5.27':
    resolution: {integrity: sha512-fxVuX/fzgzeMPn/CLQecWeDIFNt3gQVhxM0rW02Tvp/YmZfXQgcTXlakq7IMutuZ/+Ogbn+K0oct9J3JZfyk3A==}

  '@vue/runtime-dom@3.5.27':
    resolution: {integrity: sha512-/QnLslQgYqSJ5aUmb5F0z0caZPGHRB8LEAQ1s81vHFM5CBfnun63rxhvE/scVb/j3TbBuoZwkJyiLCkBluMpeg==}

  '@vue/server-renderer@3.5.27':
    resolution: {integrity: sha512-qOz/5thjeP1vAFc4+BY3Nr6wxyLhpeQgAE/8dDtKo6a6xdk+L4W46HDZgNmLOBUDEkFXV3G7pRiUqxjX0/2zWA==}
    peerDependencies:
      vue: 3.5.27

  '@vue/shared@3.5.27':
    resolution: {integrity: sha512-dXr/3CgqXsJkZ0n9F3I4elY8wM9jMJpP3pvRG52r6m0tu/MsAFIe6JpXVGeNMd/D9F4hQynWT8Rfuj0bdm9kFQ==}

  csstype@3.2.3:
    resolution: {integrity: sha512-z1HGKcYy2xA8AGQfwrn0PAy+PB7X/GSj3UVJW9qKyn43xWa+gl5nXmU4qqLMRzWVLFC8KusUX8T/0kCiOYpAIQ==}

  entities@7.0.1:
    resolution: {integrity: sha512-TWrgLOFUQTH994YUyl1yT4uyavY5nNB5muff+RtWaqNVCAK408b5ZnnbNAUEWLTCpum9w6arT70i1XdQ4UeOPA==}
    engines: {node: '>=0.12'}

  estree-walker@2.0.2:
    resolution: {integrity: sha512-Rfkk/Mp/DL7JVje3u18FxFujQlTNR2q6QfMSMB7AvCBx91NGj/ba3kCfza0f6dVDbw7YlRf/nDrn7pQrCCyQ/w==}

  magic-string@0.30.21:
    resolution: {integrity: sha512-vd2F4YUyEXKGcLHoq+TEyCjxueSeHnFxyyjNp80yg0XV4vUhnDer/lvvlqM/arB5bXQN5K2/3oinyCRyx8T2CQ==}

  nanoid@3.3.11:
    resolution: {integrity: sha512-N8SpfPUnUp1bK+PMYW8qSWdl9U+wwNWI4QKxOYDy9JAro3WMX7p2OeVRF9v+347pnakNevPmiHhNmZ2HbFA76w==}
    engines: {node: ^10 || ^12 || ^13.7 || ^14 || >=15.0.1}
    hasBin: true

  picocolors@1.1.1:
    resolution: {integrity: sha512-xceH2snhtb5M9liqDsmEw56le376mTZkEX/jEb/RxNFyegNul7eNslCXP9FDj/Lcu0X8KEyMceP2ntpaHrDEVA==}

  postcss@8.5.6:
    resolution: {integrity: sha512-3Ybi1tAuwAP9s0r1UQ2J4n5Y0G05bJkpUIO0/bI9MhwmD70S5aTWbXGBwxHrelT+XM1k6dM0pk+SwNkpTRN7Pg==}
    engines: {node: ^10 || ^12 || >=14}

  source-map-js@1.2.1:
    resolution: {integrity: sha512-UXWMKhLOwVKb728IUtQPXxfYU+usdybtUrK/8uGE8CQMvrhOpwvzDBwj0QhSL7MQc7vIsISBG8VQ8+IDQxpfQA==}
    engines: {node: '>=0.10.0'}

  vue@3.5.27:
    resolution: {integrity: sha512-aJ/UtoEyFySPBGarREmN4z6qNKpbEguYHMmXSiOGk69czc+zhs0NF6tEFrY8TZKAl8N/LYAkd4JHVd5E/AsSmw==}
    peerDependencies:
      typescript: '*'
    peerDependenciesMeta:
      typescript:
        optional: true

snapshots:

  '@ant-design/colors@6.0.0':
    dependencies:
      '@ctrl/tinycolor': 3.6.1

  '@ant-design/icons-svg@4.4.2': {}

  '@ant-design/icons-vue@7.0.1(vue@3.5.27)':
    dependencies:
      '@ant-design/colors': 6.0.0
      '@ant-design/icons-svg': 4.4.2
      vue: 3.5.27

  '@babel/helper-string-parser@7.27.1': {}

  '@babel/helper-validator-identifier@7.28.5': {}

  '@babel/parser@7.29.0':
    dependencies:
      '@babel/types': 7.29.0

  '@babel/types@7.29.0':
    dependencies:
      '@babel/helper-string-parser': 7.27.1
      '@babel/helper-validator-identifier': 7.28.5

  '@ctrl/tinycolor@3.6.1': {}

  '@jridgewell/sourcemap-codec@1.5.5': {}

  '@vue/compiler-core@3.5.27':
    dependencies:
      '@babel/parser': 7.29.0
      '@vue/shared': 3.5.27
      entities: 7.0.1
      estree-walker: 2.0.2
      source-map-js: 1.2.1

  '@vue/compiler-dom@3.5.27':
    dependencies:
      '@vue/compiler-core': 3.5.27
      '@vue/shared': 3.5.27

  '@vue/compiler-sfc@3.5.27':
    dependencies:
      '@babel/parser': 7.29.0
      '@vue/compiler-core': 3.5.27
      '@vue/compiler-dom': 3.5.27
      '@vue/compiler-ssr': 3.5.27
      '@vue/shared': 3.5.27
      estree-walker: 2.0.2
      magic-string: 0.30.21
      postcss: 8.5.6
      source-map-js: 1.2.1

  '@vue/compiler-ssr@3.5.27':
    dependencies:
      '@vue/compiler-dom': 3.5.27
      '@vue/shared': 3.5.27

  '@vue/reactivity@3.5.27':
    dependencies:
      '@vue/shared': 3.5.27

  '@vue/runtime-core@3.5.27':
    dependencies:
      '@vue/reactivity': 3.5.27
      '@vue/shared': 3.5.27

  '@vue/runtime-dom@3.5.27':
    dependencies:
      '@vue/reactivity': 3.5.27
      '@vue/runtime-core': 3.5.27
      '@vue/shared': 3.5.27
      csstype: 3.2.3

  '@vue/server-renderer@3.5.27(vue@3.5.27)':
    dependencies:
      '@vue/compiler-ssr': 3.5.27
      '@vue/shared': 3.5.27
      vue: 3.5.27

  '@vue/shared@3.5.27': {}

  csstype@3.2.3: {}

  entities@7.0.1: {}

  estree-walker@2.0.2: {}

  magic-string@0.30.21:
    dependencies:
      '@jridgewell/sourcemap-codec': 1.5.5

  nanoid@3.3.11: {}

  picocolors@1.1.1: {}

  postcss@8.5.6:
    dependencies:
      nanoid: 3.3.11
      picocolors: 1.1.1
      source-map-js: 1.2.1

  source-map-js@1.2.1: {}

  vue@3.5.27:
    dependencies:
      '@vue/compiler-dom': 3.5.27
      '@vue/compiler-sfc': 3.5.27
      '@vue/runtime-dom': 3.5.27
      '@vue/server-renderer': 3.5.27(vue@3.5.27)
      '@vue/shared': 3.5.27
